{
  "version": 1,
  "dependencies": {
    "net8.0-windows7.0": {
      "codexresetguard.appserver": {
        "type": "Project",
        "dependencies": {
          "CodexResetGuard.Core": "[1.0.0, )"
        }
      },
      "codexresetguard.core": {
        "type": "Project"
      },
      "codexresetguard.runtime": {
        "type": "Project",
        "dependencies": {
          "CodexResetGuard.AppServer": "[1.0.0, )",
          "CodexResetGuard.Core": "[1.0.0, )"
        }
      }
    },
    "net8.0-windows7.0/win-x64": {}
  }
}