{
  "version": 1,
  "dependencies": {
    "net8.0-windows7.0": {
      "codexautoreset.appserver": {
        "type": "Project",
        "dependencies": {
          "CodexAutoReset.Core": "[0.2.1, )"
        }
      },
      "codexautoreset.core": {
        "type": "Project"
      },
      "codexautoreset.runtime": {
        "type": "Project",
        "dependencies": {
          "CodexAutoReset.AppServer": "[0.2.1, )",
          "CodexAutoReset.Core": "[0.2.1, )"
        }
      }
    },
    "net8.0-windows7.0/win-x64": {}
  }
}